
Microsoft Visual Studio Solution File, Format Version 12.00
# Visual Studio Version 16
VisualStudioVersion = 16.0.32428.217
MinimumVisualStudioVersion = 10.0.40219.1
Project("{FAE04EC0-301F-11D3-BF4B-00C04F79EFBC}") = "DiffOneSearch", "DiffOneSearch\DiffOneSearch.csproj", "{C156F8E7-9333-4BA1-A4DC-0D69D5337AF3}"
EndProject
Global
	GlobalSection(SolutionConfigurationPlatforms) = preSolution
		Debug|Any CPU = Debug|Any CPU
		Release|Any CPU = Release|Any CPU
	EndGlobalSection
	GlobalSection(ProjectConfigurationPlatforms) = postSolution
		{C156F8E7-9333-4BA1-A4DC-0D69D5337AF3}.Debug|Any CPU.ActiveCfg = Debug|Any CPU
		{C156F8E7-9333-4BA1-A4DC-0D69D5337AF3}.Debug|Any CPU.Build.0 = Debug|Any CPU
		{C156F8E7-9333-4BA1-A4DC-0D69D5337AF3}.Release|Any CPU.ActiveCfg = Release|Any CPU
		{C156F8E7-9333-4BA1-A4DC-0D69D5337AF3}.Release|Any CPU.Build.0 = Release|Any CPU
	EndGlobalSection
	GlobalSection(SolutionProperties) = preSolution
		HideSolutionNode = FALSE
	EndGlobalSection
	GlobalSection(ExtensibilityGlobals) = postSolution
		SolutionGuid = {D9B50359-7CF9-40BD-9CE4-06E9F4779D1E}
	EndGlobalSection
EndGlobal
