
Microsoft Visual Studio Solution File, Format Version 12.00
# Visual Studio Version 16
VisualStudioVersion = 16.0.32428.217
MinimumVisualStudioVersion = 10.0.40219.1
Project("{FAE04EC0-301F-11D3-BF4B-00C04F79EFBC}") = "NRotation", "NRotation.csproj", "{C49E7439-A05A-4B5D-B99D-38C5FFABEF0A}"
EndProject
Global
	GlobalSection(SolutionConfigurationPlatforms) = preSolution
		Debug|Any CPU = Debug|Any CPU
		Release|Any CPU = Release|Any CPU
	EndGlobalSection
	GlobalSection(ProjectConfigurationPlatforms) = postSolution
		{C49E7439-A05A-4B5D-B99D-38C5FFABEF0A}.Debug|Any CPU.ActiveCfg = Debug|Any CPU
		{C49E7439-A05A-4B5D-B99D-38C5FFABEF0A}.Debug|Any CPU.Build.0 = Debug|Any CPU
		{C49E7439-A05A-4B5D-B99D-38C5FFABEF0A}.Release|Any CPU.ActiveCfg = Release|Any CPU
		{C49E7439-A05A-4B5D-B99D-38C5FFABEF0A}.Release|Any CPU.Build.0 = Release|Any CPU
	EndGlobalSection
	GlobalSection(SolutionProperties) = preSolution
		HideSolutionNode = FALSE
	EndGlobalSection
	GlobalSection(ExtensibilityGlobals) = postSolution
		SolutionGuid = {CB0005FA-08F1-4E2D-8532-987371A0FF38}
	EndGlobalSection
EndGlobal
