
Microsoft Visual Studio Solution File, Format Version 12.00
# Visual Studio Version 16
VisualStudioVersion = 16.0.32630.194
MinimumVisualStudioVersion = 10.0.40219.1
Project("{FAE04EC0-301F-11D3-BF4B-00C04F79EFBC}") = "Equilibrium Index", "Equilibrium Index\Equilibrium Index.csproj", "{EBBABF16-868A-4C42-BFE4-01FE585DCD62}"
EndProject
Global
	GlobalSection(SolutionConfigurationPlatforms) = preSolution
		Debug|Any CPU = Debug|Any CPU
		Release|Any CPU = Release|Any CPU
	EndGlobalSection
	GlobalSection(ProjectConfigurationPlatforms) = postSolution
		{EBBABF16-868A-4C42-BFE4-01FE585DCD62}.Debug|Any CPU.ActiveCfg = Debug|Any CPU
		{EBBABF16-868A-4C42-BFE4-01FE585DCD62}.Debug|Any CPU.Build.0 = Debug|Any CPU
		{EBBABF16-868A-4C42-BFE4-01FE585DCD62}.Release|Any CPU.ActiveCfg = Release|Any CPU
		{EBBABF16-868A-4C42-BFE4-01FE585DCD62}.Release|Any CPU.Build.0 = Release|Any CPU
	EndGlobalSection
	GlobalSection(SolutionProperties) = preSolution
		HideSolutionNode = FALSE
	EndGlobalSection
	GlobalSection(ExtensibilityGlobals) = postSolution
		SolutionGuid = {6DF05D40-9837-4391-8605-A5FF8F66E7E6}
	EndGlobalSection
EndGlobal
