
Microsoft Visual Studio Solution File, Format Version 12.00
# Visual Studio Version 16
VisualStudioVersion = 16.0.32630.194
MinimumVisualStudioVersion = 10.0.40219.1
Project("{FAE04EC0-301F-11D3-BF4B-00C04F79EFBC}") = "Matrix_spiral", "Matrix_spiral\Matrix_spiral.csproj", "{77F04DAA-AF22-4DB3-A7D8-BEAC5EC01087}"
EndProject
Global
	GlobalSection(SolutionConfigurationPlatforms) = preSolution
		Debug|Any CPU = Debug|Any CPU
		Release|Any CPU = Release|Any CPU
	EndGlobalSection
	GlobalSection(ProjectConfigurationPlatforms) = postSolution
		{77F04DAA-AF22-4DB3-A7D8-BEAC5EC01087}.Debug|Any CPU.ActiveCfg = Debug|Any CPU
		{77F04DAA-AF22-4DB3-A7D8-BEAC5EC01087}.Debug|Any CPU.Build.0 = Debug|Any CPU
		{77F04DAA-AF22-4DB3-A7D8-BEAC5EC01087}.Release|Any CPU.ActiveCfg = Release|Any CPU
		{77F04DAA-AF22-4DB3-A7D8-BEAC5EC01087}.Release|Any CPU.Build.0 = Release|Any CPU
	EndGlobalSection
	GlobalSection(SolutionProperties) = preSolution
		HideSolutionNode = FALSE
	EndGlobalSection
	GlobalSection(ExtensibilityGlobals) = postSolution
		SolutionGuid = {36679FA6-1538-4DCE-B462-604871B6A89F}
	EndGlobalSection
EndGlobal
