
Microsoft Visual Studio Solution File, Format Version 12.00
# Visual Studio Version 16
VisualStudioVersion = 16.0.32630.194
MinimumVisualStudioVersion = 10.0.40219.1
Project("{FAE04EC0-301F-11D3-BF4B-00C04F79EFBC}") = "KthSmallest", "KthSmallest\KthSmallest.csproj", "{69B69E55-E71E-4EA0-A272-A2D24B3946B8}"
EndProject
Global
	GlobalSection(SolutionConfigurationPlatforms) = preSolution
		Debug|Any CPU = Debug|Any CPU
		Release|Any CPU = Release|Any CPU
	EndGlobalSection
	GlobalSection(ProjectConfigurationPlatforms) = postSolution
		{69B69E55-E71E-4EA0-A272-A2D24B3946B8}.Debug|Any CPU.ActiveCfg = Debug|Any CPU
		{69B69E55-E71E-4EA0-A272-A2D24B3946B8}.Debug|Any CPU.Build.0 = Debug|Any CPU
		{69B69E55-E71E-4EA0-A272-A2D24B3946B8}.Release|Any CPU.ActiveCfg = Release|Any CPU
		{69B69E55-E71E-4EA0-A272-A2D24B3946B8}.Release|Any CPU.Build.0 = Release|Any CPU
	EndGlobalSection
	GlobalSection(SolutionProperties) = preSolution
		HideSolutionNode = FALSE
	EndGlobalSection
	GlobalSection(ExtensibilityGlobals) = postSolution
		SolutionGuid = {EE89FDFC-D0A1-4A7C-A415-79F772417F43}
	EndGlobalSection
EndGlobal
