
Microsoft Visual Studio Solution File, Format Version 12.00
# Visual Studio Version 16
VisualStudioVersion = 16.0.32630.194
MinimumVisualStudioVersion = 10.0.40219.1
Project("{FAE04EC0-301F-11D3-BF4B-00C04F79EFBC}") = "Elements_decreasing_frequency", "Elements_decreasing_frequency\Elements_decreasing_frequency.csproj", "{4CE0B80E-198B-40E6-A462-AB5B2C87599E}"
EndProject
Global
	GlobalSection(SolutionConfigurationPlatforms) = preSolution
		Debug|Any CPU = Debug|Any CPU
		Release|Any CPU = Release|Any CPU
	EndGlobalSection
	GlobalSection(ProjectConfigurationPlatforms) = postSolution
		{4CE0B80E-198B-40E6-A462-AB5B2C87599E}.Debug|Any CPU.ActiveCfg = Debug|Any CPU
		{4CE0B80E-198B-40E6-A462-AB5B2C87599E}.Debug|Any CPU.Build.0 = Debug|Any CPU
		{4CE0B80E-198B-40E6-A462-AB5B2C87599E}.Release|Any CPU.ActiveCfg = Release|Any CPU
		{4CE0B80E-198B-40E6-A462-AB5B2C87599E}.Release|Any CPU.Build.0 = Release|Any CPU
	EndGlobalSection
	GlobalSection(SolutionProperties) = preSolution
		HideSolutionNode = FALSE
	EndGlobalSection
	GlobalSection(ExtensibilityGlobals) = postSolution
		SolutionGuid = {E00E9DD0-CF7E-43BE-B1FE-0FD8AE2BD3CC}
	EndGlobalSection
EndGlobal
